Microsoft Visual Studio Solution File, Format Version 12.00
# Visual Studio Version 16
VisualStudioVersion = 16.0.0.0
MinimumVisualStudioVersion = 16.0.0.0
Project("{9A19103F-16F7-4668-BE54-9A1E7A4F7556}") = "DartDashboard", "DartDashboard.csproj", "{DF46C687-0D7E-4734-ABFC-E4D1EA6E01CD}"
EndProject
Global
	GlobalSection(SolutionConfigurationPlatforms) = preSolution
		Debug|Any CPU = Debug|Any CPU
		Debug|x64 = Debug|x64
		Debug|x86 = Debug|x86
		Release|Any CPU = Release|Any CPU
		Release|x64 = Release|x64
		Release|x86 = Release|x86
	EndGlobalSection
	GlobalSection(ProjectConfigurationPlatforms) = postSolution
		{DF46C687-0D7E-4734-ABFC-E4D1EA6E01CD}.Debug|Any CPU.ActiveCfg = Debug|Any CPU
		{DF46C687-0D7E-4734-ABFC-E4D1EA6E01CD}.Debug|Any CPU.Build.0 = Debug|Any CPU
		{DF46C687-0D7E-4734-ABFC-E4D1EA6E01CD}.Debug|x64.ActiveCfg = Debug|Any CPU
		{DF46C687-0D7E-4734-ABFC-E4D1EA6E01CD}.Debug|x64.Build.0 = Debug|Any CPU
		{DF46C687-0D7E-4734-ABFC-E4D1EA6E01CD}.Debug|x86.ActiveCfg = Debug|Any CPU
		{DF46C687-0D7E-4734-ABFC-E4D1EA6E01CD}.Debug|x86.Build.0 = Debug|Any CPU
		{DF46C687-0D7E-4734-ABFC-E4D1EA6E01CD}.Release|Any CPU.ActiveCfg = Release|Any CPU
		{DF46C687-0D7E-4734-ABFC-E4D1EA6E01CD}.Release|Any CPU.Build.0 = Release|Any CPU
		{DF46C687-0D7E-4734-ABFC-E4D1EA6E01CD}.Release|x64.ActiveCfg = Release|Any CPU
		{DF46C687-0D7E-4734-ABFC-E4D1EA6E01CD}.Release|x64.Build.0 = Release|Any CPU
		{DF46C687-0D7E-4734-ABFC-E4D1EA6E01CD}.Release|x86.ActiveCfg = Release|Any CPU
		{DF46C687-0D7E-4734-ABFC-E4D1EA6E01CD}.Release|x86.Build.0 = Release|Any CPU
	EndGlobalSection
	GlobalSection(SolutionProperties) = preSolution
		HideSolutionNode = FALSE
	EndGlobalSection
	GlobalSection(ExtensibilityGlobals) = postSolution
		SolutionGuid = {A2DD1079-822D-4764-9FCA-EA3631E44C49}
	EndGlobalSection
EndGlobal